PODS:
  - RxCocoa (3.2.0):
    - RxSwift (~> 3.1)
  - RxSwift (3.2.0)
  - SwiftyJSON (3.1.4)

DEPENDENCIES:
  - RxCocoa (~> 3.0)
  - RxSwift (~> 3.0)
  - SwiftyJSON (~> 3.1.1)

SPEC CHECKSUMS:
  RxCocoa: ccdf43101a70407097a29082f648ba1676075b30
  RxSwift: 46574f70d416b7923c237195939cc488a7fbf3a0
  SwiftyJSON: c2842d878f95482ffceec5709abc3d05680c0220

PODFILE CHECKSUM: 02c6989d83ed8e2957d4024b1c888d86e63972a8

COCOAPODS: 1.2.0
